
Microsoft Visual Studio Solution File, Format Version 12.00
# Visual Studio Version 17
VisualStudioVersion = 17.0.31919.166
MinimumVisualStudioVersion = 10.0.40219.1
Project("{FAE04EC0-301F-11D3-BF4B-00C04F79EFBC}") = "Parma.NewsApplication.Web", "src\Parma.NewsApplication.Web\Parma.NewsApplication.Web.csproj", "{14935D0A-DA6C-4387-821A-790991999464}"
EndProject
Global
	GlobalSection(SolutionConfigurationPlatforms) = preSolution
		Debug|Any CPU = Debug|Any CPU
		Release|Any CPU = Release|Any CPU
	EndGlobalSection
	GlobalSection(ProjectConfigurationPlatforms) = postSolution
		{14935D0A-DA6C-4387-821A-790991999464}.Debug|Any CPU.ActiveCfg = Debug|Any CPU
		{14935D0A-DA6C-4387-821A-790991999464}.Debug|Any CPU.Build.0 = Debug|Any CPU
		{14935D0A-DA6C-4387-821A-790991999464}.Release|Any CPU.ActiveCfg = Release|Any CPU
		{14935D0A-DA6C-4387-821A-790991999464}.Release|Any CPU.Build.0 = Release|Any CPU
	EndGlobalSection
	GlobalSection(SolutionProperties) = preSolution
		HideSolutionNode = FALSE
	EndGlobalSection
	GlobalSection(ExtensibilityGlobals) = postSolution
		SolutionGuid = {ACBC0410-0F39-4915-BDEE-C952457FBBB1}
	EndGlobalSection
EndGlobal
